
Microsoft Visual Studio Solution File, Format Version 11.00
# Visual Studio 2010
Project("{FAE04EC0-301F-11D3-BF4B-00C04F79EFBC}") = "Assembly-CSharp", "Assembly-CSharp.csproj", "{4a894661-6473-dc3e-a410-25b0ad5d939c}"
EndProject
Global
	GlobalSection(SolutionConfigurationPlatforms) = preSolution
		Debug|Any CPU = Debug|Any CPU
		Release|Any CPU = Release|Any CPU
	EndGlobalSection
	GlobalSection(ProjectConfigurationPlatforms) = postSolution
		{4a894661-6473-dc3e-a410-25b0ad5d939c}.Debug|Any CPU.ActiveCfg = Debug|Any CPU
		{4a894661-6473-dc3e-a410-25b0ad5d939c}.Debug|Any CPU.Build.0 = Debug|Any CPU
		{4a894661-6473-dc3e-a410-25b0ad5d939c}.Release|Any CPU.ActiveCfg = Release|Any CPU
		{4a894661-6473-dc3e-a410-25b0ad5d939c}.Release|Any CPU.Build.0 = Release|Any CPU
	EndGlobalSection
	GlobalSection(SolutionProperties) = preSolution
		HideSolutionNode = FALSE
	EndGlobalSection
EndGlobal
